
Microsoft Visual Studio Solution File, Format Version 12.00
# Visual Studio 15
VisualStudioVersion = 15.0.28307.852
MinimumVisualStudioVersion = 10.0.40219.1
Project("{8BC9CEB8-8B4A-11D0-8D11-00A0C91BC942}") = "Sender", "Sender\Sender.vcxproj", "{DB905E6A-B0BB-4A48-86C6-B2F49B882258}"
EndProject
Global
	GlobalSection(SolutionConfigurationPlatforms) = preSolution
		Debug|x64 = Debug|x64
		Debug|x86 = Debug|x86
		Release|x64 = Release|x64
		Release|x86 = Release|x86
	EndGlobalSection
	GlobalSection(ProjectConfigurationPlatforms) = postSolution
		{DB905E6A-B0BB-4A48-86C6-B2F49B882258}.Debug|x64.ActiveCfg = Debug|x64
		{DB905E6A-B0BB-4A48-86C6-B2F49B882258}.Debug|x64.Build.0 = Debug|x64
		{DB905E6A-B0BB-4A48-86C6-B2F49B882258}.Debug|x86.ActiveCfg = Debug|Win32
		{DB905E6A-B0BB-4A48-86C6-B2F49B882258}.Debug|x86.Build.0 = Debug|Win32
		{DB905E6A-B0BB-4A48-86C6-B2F49B882258}.Release|x64.ActiveCfg = Release|x64
		{DB905E6A-B0BB-4A48-86C6-B2F49B882258}.Release|x64.Build.0 = Release|x64
		{DB905E6A-B0BB-4A48-86C6-B2F49B882258}.Release|x86.ActiveCfg = Release|Win32
		{DB905E6A-B0BB-4A48-86C6-B2F49B882258}.Release|x86.Build.0 = Release|Win32
	EndGlobalSection
	GlobalSection(SolutionProperties) = preSolution
		HideSolutionNode = FALSE
	EndGlobalSection
	GlobalSection(ExtensibilityGlobals) = postSolution
		SolutionGuid = {CF3A2F62-5A7E-46E4-AA59-65CCECFC7F35}
	EndGlobalSection
EndGlobal
